// !$*UTF8*$!
{
	archiveVersion = 1;
	classes = {
	};
	objectVersion = 46;
	objects = {

/* Begin PBXBuildFile section */
		34D62BEA77B8415A82F81120 /* libPods.a in Frameworks */ = {isa = PBXBuildFile; fileRef = B62DC570C97F456BAD5832D8 /* libPods.a */; };
		47C0EE5F1C4C1E8B00CF4656 /* Project+CoreDataProperties.m in Sources */ = {isa = PBXBuildFile; fileRef = 47C0EE5C1C4C1E8B00CF4656 /* Project+CoreDataProperties.m */; };
		47C0EE601C4C1E8B00CF4656 /* Project.m in Sources */ = {isa = PBXBuildFile; fileRef = 47C0EE5E1C4C1E8B00CF4656 /* Project.m */; };
		47C0EE6B1C4C367700CF4656 /* Site+CoreDataProperties.m in Sources */ = {isa = PBXBuildFile; fileRef = 47C0EE681C4C367700CF4656 /* Site+CoreDataProperties.m */; };
		47C0EE6C1C4C367700CF4656 /* Site.m in Sources */ = {isa = PBXBuildFile; fileRef = 47C0EE6A1C4C367700CF4656 /* Site.m */; };
		AB23281418A0528400C581C1 /* NSURL+SCUtilities.m in Sources */ = {isa = PBXBuildFile; fileRef = AB23281318A0528400C581C1 /* NSURL+SCUtilities.m */; };
		AB23281718A2C84B00C581C1 /* NSManagedObject+SCEntityFetchOrInsert.m in Sources */ = {isa = PBXBuildFile; fileRef = AB23281618A2C84B00C581C1 /* NSManagedObject+SCEntityFetchOrInsert.m */; };
		AB496276187202DB00BA966F /* SiteDetailViewController.m in Sources */ = {isa = PBXBuildFile; fileRef = AB496275187202DB00BA966F /* SiteDetailViewController.m */; };
		AB4962791874A34B00BA966F /* CollectionHeaderView.m in Sources */ = {isa = PBXBuildFile; fileRef = AB4962781874A34B00BA966F /* CollectionHeaderView.m */; };
		AB4BF5C91858F96B0012017E /* QuartzCore.framework in Frameworks */ = {isa = PBXBuildFile; fileRef = AB4BF5C81858F96B0012017E /* QuartzCore.framework */; };
		AB4BF5D21858FFC80012017E /* ImageToDataTransformer.m in Sources */ = {isa = PBXBuildFile; fileRef = AB4BF5D11858FFC80012017E /* ImageToDataTransformer.m */; };
		AB4F7B0A18FF538800E1D9E3 /* ImageScrollView.m in Sources */ = {isa = PBXBuildFile; fileRef = AB4F7B0918FF538800E1D9E3 /* ImageScrollView.m */; };
		AB4F7B1018FF545D00E1D9E3 /* PhotoViewController.m in Sources */ = {isa = PBXBuildFile; fileRef = AB4F7B0F18FF545D00E1D9E3 /* PhotoViewController.m */; };
		AB8595A51846782600DF5F84 /* Foundation.framework in Frameworks */ = {isa = PBXBuildFile; fileRef = AB8595A41846782600DF5F84 /* Foundation.framework */; };
		AB8595A71846782600DF5F84 /* CoreGraphics.framework in Frameworks */ = {isa = PBXBuildFile; fileRef = AB8595A61846782600DF5F84 /* CoreGraphics.framework */; };
		AB8595A91846782600DF5F84 /* UIKit.framework in Frameworks */ = {isa = PBXBuildFile; fileRef = AB8595A81846782600DF5F84 /* UIKit.framework */; };
		AB8595AB1846782600DF5F84 /* CoreData.framework in Frameworks */ = {isa = PBXBuildFile; fileRef = AB8595AA1846782600DF5F84 /* CoreData.framework */; };
		AB8595B11846782600DF5F84 /* InfoPlist.strings in Resources */ = {isa = PBXBuildFile; fileRef = AB8595AF1846782600DF5F84 /* InfoPlist.strings */; };
		AB8595B31846782600DF5F84 /* main.m in Sources */ = {isa = PBXBuildFile; fileRef = AB8595B21846782600DF5F84 /* main.m */; };
		AB8595B71846782600DF5F84 /* AppDelegate.m in Sources */ = {isa = PBXBuildFile; fileRef = AB8595B61846782600DF5F84 /* AppDelegate.m */; };
		AB8595BA1846782600DF5F84 /* Sensors.xcdatamodeld in Sources */ = {isa = PBXBuildFile; fileRef = AB8595B81846782600DF5F84 /* Sensors.xcdatamodeld */; };
		AB8595BC1846782600DF5F84 /* Images.xcassets in Resources */ = {isa = PBXBuildFile; fileRef = AB8595BB1846782600DF5F84 /* Images.xcassets */; };
		AB8595C31846782600DF5F84 /* XCTest.framework in Frameworks */ = {isa = PBXBuildFile; fileRef = AB8595C21846782600DF5F84 /* XCTest.framework */; };
		AB8595C41846782600DF5F84 /* Foundation.framework in Frameworks */ = {isa = PBXBuildFile; fileRef = AB8595A41846782600DF5F84 /* Foundation.framework */; };
		AB8595C51846782600DF5F84 /* UIKit.framework in Frameworks */ = {isa = PBXBuildFile; fileRef = AB8595A81846782600DF5F84 /* UIKit.framework */; };
		AB8595C61846782600DF5F84 /* CoreData.framework in Frameworks */ = {isa = PBXBuildFile; fileRef = AB8595AA1846782600DF5F84 /* CoreData.framework */; };
		AB8595CE1846782600DF5F84 /* InfoPlist.strings in Resources */ = {isa = PBXBuildFile; fileRef = AB8595CC1846782600DF5F84 /* InfoPlist.strings */; };
		AB8595D01846782600DF5F84 /* SensorsTests.m in Sources */ = {isa = PBXBuildFile; fileRef = AB8595CF1846782600DF5F84 /* SensorsTests.m */; };
		AB8595DD184678FB00DF5F84 /* Sensors-iPhone.storyboard in Resources */ = {isa = PBXBuildFile; fileRef = AB8595DC184678FB00DF5F84 /* Sensors-iPhone.storyboard */; };
		AB8595DF1846790E00DF5F84 /* Sensors-iPad.storyboard in Resources */ = {isa = PBXBuildFile; fileRef = AB8595DE1846790E00DF5F84 /* Sensors-iPad.storyboard */; };
		AB85962F184D08E100DF5F84 /* CameraListViewController.m in Sources */ = {isa = PBXBuildFile; fileRef = AB85962E184D08E100DF5F84 /* CameraListViewController.m */; };
		AB859632184D1C3000DF5F84 /* SitePreviewCell.m in Sources */ = {isa = PBXBuildFile; fileRef = AB859631184D1C3000DF5F84 /* SitePreviewCell.m */; };
		AB9E030218BE747800D5B3F3 /* AppledocSettings.plist in Resources */ = {isa = PBXBuildFile; fileRef = AB9E030118BE747800D5B3F3 /* AppledocSettings.plist */; };
		AB9E030518BE833F00D5B3F3 /* Image.m in Sources */ = {isa = PBXBuildFile; fileRef = AB9E030418BE833F00D5B3F3 /* Image.m */; };
		ABC8DE3618A962200052DA04 /* ImagePreviewCell.m in Sources */ = {isa = PBXBuildFile; fileRef = ABC8DE3518A962200052DA04 /* ImagePreviewCell.m */; };
/* End PBXBuildFile section */

/* Begin PBXContainerItemProxy section */
		AB8595C71846782600DF5F84 /* PBXContainerItemProxy */ = {
			isa = PBXContainerItemProxy;
			containerPortal = AB8595991846782600DF5F84 /* Project object */;
			proxyType = 1;
			remoteGlobalIDString = AB8595A01846782600DF5F84;
			remoteInfo = Sensors;
		};
/* End PBXContainerItemProxy section */

/* Begin PBXFileReference section */
		47C0EE551C4C1DA700CF4656 /* Sensors 3.xcdatamodel */ = {isa = PBXFileReference; lastKnownFileType = wrapper.xcdatamodel; path = "Sensors 3.xcdatamodel"; sourceTree = "<group>"; };
		47C0EE561C4C1E1900CF4656 /* GB SciCam-Bridging-Header.h */ = {isa = PBXFileReference; lastKnownFileType = sourcecode.c.h; path = "GB SciCam-Bridging-Header.h"; sourceTree = "<group>"; };
		47C0EE5B1C4C1E8B00CF4656 /* Project+CoreDataProperties.h */ = {isa = PBXFileReference; fileEncoding = 4; lastKnownFileType = sourcecode.c.h; path = "Project+CoreDataProperties.h"; sourceTree = "<group>"; };
		47C0EE5C1C4C1E8B00CF4656 /* Project+CoreDataProperties.m */ = {isa = PBXFileReference; fileEncoding = 4; lastKnownFileType = sourcecode.c.objc; path = "Project+CoreDataProperties.m"; sourceTree = "<group>"; };
		47C0EE5D1C4C1E8B00CF4656 /* Project.h */ = {isa = PBXFileReference; fileEncoding = 4; lastKnownFileType = sourcecode.c.h; path = Project.h; sourceTree = "<group>"; };
		47C0EE5E1C4C1E8B00CF4656 /* Project.m */ = {isa = PBXFileReference; fileEncoding = 4; lastKnownFileType = sourcecode.c.objc; path = Project.m; sourceTree = "<group>"; };
		47C0EE671C4C367700CF4656 /* Site+CoreDataProperties.h */ = {isa = PBXFileReference; fileEncoding = 4; lastKnownFileType = sourcecode.c.h; path = "Site+CoreDataProperties.h"; sourceTree = "<group>"; };
		47C0EE681C4C367700CF4656 /* Site+CoreDataProperties.m */ = {isa = PBXFileReference; fileEncoding = 4; lastKnownFileType = sourcecode.c.objc; path = "Site+CoreDataProperties.m"; sourceTree = "<group>"; };
		47C0EE691C4C367700CF4656 /* Site.h */ = {isa = PBXFileReference; fileEncoding = 4; lastKnownFileType = sourcecode.c.h; path = Site.h; sourceTree = "<group>"; };
		47C0EE6A1C4C367700CF4656 /* Site.m */ = {isa = PBXFileReference; fileEncoding = 4; lastKnownFileType = sourcecode.c.objc; path = Site.m; sourceTree = "<group>"; };
		62695BB2CC1D4B98FF41DD98 /* Pods.release.xcconfig */ = {isa = PBXFileReference; includeInIndex = 1; lastKnownFileType = text.xcconfig; name = Pods.release.xcconfig; path = "Pods/Target Support Files/Pods/Pods.release.xcconfig"; sourceTree = "<group>"; };
		AA17D086B649FB85278F9890 /* Pods.debug.xcconfig */ = {isa = PBXFileReference; includeInIndex = 1; lastKnownFileType = text.xcconfig; name = Pods.debug.xcconfig; path = "Pods/Target Support Files/Pods/Pods.debug.xcconfig"; sourceTree = "<group>"; };
		AB23281218A0528400C581C1 /* NSURL+SCUtilities.h */ = {isa = PBXFileReference; fileEncoding = 4; lastKnownFileType = sourcecode.c.h; path = "NSURL+SCUtilities.h"; sourceTree = "<group>"; };
		AB23281318A0528400C581C1 /* NSURL+SCUtilities.m */ = {isa = PBXFileReference; fileEncoding = 4; lastKnownFileType = sourcecode.c.objc; path = "NSURL+SCUtilities.m"; sourceTree = "<group>"; };
		AB23281518A2C84B00C581C1 /* NSManagedObject+SCEntityFetchOrInsert.h */ = {isa = PBXFileReference; fileEncoding = 4; lastKnownFileType = sourcecode.c.h; path = "NSManagedObject+SCEntityFetchOrInsert.h"; sourceTree = "<group>"; };
		AB23281618A2C84B00C581C1 /* NSManagedObject+SCEntityFetchOrInsert.m */ = {isa = PBXFileReference; fileEncoding = 4; lastKnownFileType = sourcecode.c.objc; path = "NSManagedObject+SCEntityFetchOrInsert.m"; sourceTree = "<group>"; };
		AB496274187202DB00BA966F /* SiteDetailViewController.h */ = {isa = PBXFileReference; fileEncoding = 4; lastKnownFileType = sourcecode.c.h; path = SiteDetailViewController.h; sourceTree = "<group>"; };
		AB496275187202DB00BA966F /* SiteDetailViewController.m */ = {isa = PBXFileReference; fileEncoding = 4; lastKnownFileType = sourcecode.c.objc; path = SiteDetailViewController.m; sourceTree = "<group>"; };
		AB4962771874A34B00BA966F /* CollectionHeaderView.h */ = {isa = PBXFileReference; fileEncoding = 4; lastKnownFileType = sourcecode.c.h; path = CollectionHeaderView.h; sourceTree = "<group>"; };
		AB4962781874A34B00BA966F /* CollectionHeaderView.m */ = {isa = PBXFileReference; fileEncoding = 4; lastKnownFileType = sourcecode.c.objc; path = CollectionHeaderView.m; sourceTree = "<group>"; };
		AB4BF5C81858F96B0012017E /* QuartzCore.framework */ = {isa = PBXFileReference; lastKnownFileType = wrapper.framework; name = QuartzCore.framework; path = System/Library/Frameworks/QuartzCore.framework; sourceTree = SDKROOT; };
		AB4BF5D01858FFC80012017E /* ImageToDataTransformer.h */ = {isa = PBXFileReference; fileEncoding = 4; lastKnownFileType = sourcecode.c.h; path = ImageToDataTransformer.h; sourceTree = "<group>"; };
		AB4BF5D11858FFC80012017E /* ImageToDataTransformer.m */ = {isa = PBXFileReference; fileEncoding = 4; lastKnownFileType = sourcecode.c.objc; path = ImageToDataTransformer.m; sourceTree = "<group>"; };
		AB4F7B0818FF538800E1D9E3 /* ImageScrollView.h */ = {isa = PBXFileReference; fileEncoding = 4; lastKnownFileType = sourcecode.c.h; path = ImageScrollView.h; sourceTree = "<group>"; };
		AB4F7B0918FF538800E1D9E3 /* ImageScrollView.m */ = {isa = PBXFileReference; fileEncoding = 4; lastKnownFileType = sourcecode.c.objc; path = ImageScrollView.m; sourceTree = "<group>"; };
		AB4F7B0E18FF545D00E1D9E3 /* PhotoViewController.h */ = {isa = PBXFileReference; fileEncoding = 4; lastKnownFileType = sourcecode.c.h; path = PhotoViewController.h; sourceTree = "<group>"; };
		AB4F7B0F18FF545D00E1D9E3 /* PhotoViewController.m */ = {isa = PBXFileReference; fileEncoding = 4; lastKnownFileType = sourcecode.c.objc; path = PhotoViewController.m; sourceTree = "<group>"; };
		AB8595A11846782600DF5F84 /* GB SciCam.app */ = {isa = PBXFileReference; explicitFileType = wrapper.application; includeInIndex = 0; path = "GB SciCam.app"; sourceTree = BUILT_PRODUCTS_DIR; };
		AB8595A41846782600DF5F84 /* Foundation.framework */ = {isa = PBXFileReference; lastKnownFileType = wrapper.framework; name = Foundation.framework; path = System/Library/Frameworks/Foundation.framework; sourceTree = SDKROOT; };
		AB8595A61846782600DF5F84 /* CoreGraphics.framework */ = {isa = PBXFileReference; lastKnownFileType = wrapper.framework; name = CoreGraphics.framework; path = System/Library/Frameworks/CoreGraphics.framework; sourceTree = SDKROOT; };
		AB8595A81846782600DF5F84 /* UIKit.framework */ = {isa = PBXFileReference; lastKnownFileType = wrapper.framework; name = UIKit.framework; path = System/Library/Frameworks/UIKit.framework; sourceTree = SDKROOT; };
		AB8595AA1846782600DF5F84 /* CoreData.framework */ = {isa = PBXFileReference; lastKnownFileType = wrapper.framework; name = CoreData.framework; path = System/Library/Frameworks/CoreData.framework; sourceTree = SDKROOT; };
		AB8595AE1846782600DF5F84 /* GB SciCam-Info.plist */ = {isa = PBXFileReference; lastKnownFileType = text.plist.xml; path = "GB SciCam-Info.plist"; sourceTree = "<group>"; };
		AB8595B01846782600DF5F84 /* en */ = {isa = PBXFileReference; lastKnownFileType = text.plist.strings; name = en; path = en.lproj/InfoPlist.strings; sourceTree = "<group>"; };
		AB8595B21846782600DF5F84 /* main.m */ = {isa = PBXFileReference; lastKnownFileType = sourcecode.c.objc; path = main.m; sourceTree = "<group>"; };
		AB8595B41846782600DF5F84 /* GB SciCam-Prefix.pch */ = {isa = PBXFileReference; lastKnownFileType = sourcecode.c.h; path = "GB SciCam-Prefix.pch"; sourceTree = "<group>"; };
		AB8595B51846782600DF5F84 /* AppDelegate.h */ = {isa = PBXFileReference; lastKnownFileType = sourcecode.c.h; path = AppDelegate.h; sourceTree = "<group>"; };
		AB8595B61846782600DF5F84 /* AppDelegate.m */ = {isa = PBXFileReference; lastKnownFileType = sourcecode.c.objc; path = AppDelegate.m; sourceTree = "<group>"; };
		AB8595B91846782600DF5F84 /* Sensors.xcdatamodel */ = {isa = PBXFileReference; lastKnownFileType = wrapper.xcdatamodel; path = Sensors.xcdatamodel; sourceTree = "<group>"; };
		AB8595BB1846782600DF5F84 /* Images.xcassets */ = {isa = PBXFileReference; lastKnownFileType = folder.assetcatalog; path = Images.xcassets; sourceTree = "<group>"; };
		AB8595C11846782600DF5F84 /* GB SciCamTests.xctest */ = {isa = PBXFileReference; explicitFileType = wrapper.cfbundle; includeInIndex = 0; path = "GB SciCamTests.xctest"; sourceTree = BUILT_PRODUCTS_DIR; };
		AB8595C21846782600DF5F84 /* XCTest.framework */ = {isa = PBXFileReference; lastKnownFileType = wrapper.framework; name = XCTest.framework; path = Library/Frameworks/XCTest.framework; sourceTree = DEVELOPER_DIR; };
		AB8595CB1846782600DF5F84 /* GB SciCamTests-Info.plist */ = {isa = PBXFileReference; lastKnownFileType = text.plist.xml; path = "GB SciCamTests-Info.plist"; sourceTree = "<group>"; };
		AB8595CD1846782600DF5F84 /* en */ = {isa = PBXFileReference; lastKnownFileType = text.plist.strings; name = en; path = en.lproj/InfoPlist.strings; sourceTree = "<group>"; };
		AB8595CF1846782600DF5F84 /* SensorsTests.m */ = {isa = PBXFileReference; lastKnownFileType = sourcecode.c.objc; path = SensorsTests.m; sourceTree = "<group>"; };
		AB8595DC184678FB00DF5F84 /* Sensors-iPhone.storyboard */ = {isa = PBXFileReference; fileEncoding = 4; lastKnownFileType = file.storyboard; path = "Sensors-iPhone.storyboard"; sourceTree = "<group>"; };
		AB8595DE1846790E00DF5F84 /* Sensors-iPad.storyboard */ = {isa = PBXFileReference; fileEncoding = 4; lastKnownFileType = file.storyboard; path = "Sensors-iPad.storyboard"; sourceTree = "<group>"; };
		AB85962D184D08E100DF5F84 /* CameraListViewController.h */ = {isa = PBXFileReference; fileEncoding = 4; lastKnownFileType = sourcecode.c.h; path = CameraListViewController.h; sourceTree = "<group>"; };
		AB85962E184D08E100DF5F84 /* CameraListViewController.m */ = {isa = PBXFileReference; fileEncoding = 4; lastKnownFileType = sourcecode.c.objc; path = CameraListViewController.m; sourceTree = "<group>"; };
		AB859630184D1C3000DF5F84 /* SitePreviewCell.h */ = {isa = PBXFileReference; fileEncoding = 4; lastKnownFileType = sourcecode.c.h; path = SitePreviewCell.h; sourceTree = "<group>"; };
		AB859631184D1C3000DF5F84 /* SitePreviewCell.m */ = {isa = PBXFileReference; fileEncoding = 4; lastKnownFileType = sourcecode.c.objc; path = SitePreviewCell.m; sourceTree = "<group>"; };
		AB9E030118BE747800D5B3F3 /* AppledocSettings.plist */ = {isa = PBXFileReference; fileEncoding = 4; lastKnownFileType = text.plist.xml; path = AppledocSettings.plist; sourceTree = "<group>"; };
		AB9E030318BE833F00D5B3F3 /* Image.h */ = {isa = PBXFileReference; fileEncoding = 4; lastKnownFileType = sourcecode.c.h; path = Image.h; sourceTree = "<group>"; };
		AB9E030418BE833F00D5B3F3 /* Image.m */ = {isa = PBXFileReference; fileEncoding = 4; lastKnownFileType = sourcecode.c.objc; path = Image.m; sourceTree = "<group>"; };
		ABC8DE3418A962200052DA04 /* ImagePreviewCell.h */ = {isa = PBXFileReference; fileEncoding = 4; lastKnownFileType = sourcecode.c.h; path = ImagePreviewCell.h; sourceTree = "<group>"; };
		ABC8DE3518A962200052DA04 /* ImagePreviewCell.m */ = {isa = PBXFileReference; fileEncoding = 4; lastKnownFileType = sourcecode.c.objc; path = ImagePreviewCell.m; sourceTree = "<group>"; };
		ABEAF9781896F1E400532B5E /* Sensors 2.xcdatamodel */ = {isa = PBXFileReference; lastKnownFileType = wrapper.xcdatamodel; path = "Sensors 2.xcdatamodel"; sourceTree = "<group>"; };
		B62DC570C97F456BAD5832D8 /* libPods.a */ = {isa = PBXFileReference; explicitFileType = archive.ar; includeInIndex = 0; path = libPods.a; sourceTree = BUILT_PRODUCTS_DIR; };
/* End PBXFileReference section */

/* Begin PBXFrameworksBuildPhase section */
		AB85959E1846782600DF5F84 /* Frameworks */ = {
			isa = PBXFrameworksBuildPhase;
			buildActionMask = 2147483647;
			files = (
				AB4BF5C91858F96B0012017E /* QuartzCore.framework in Frameworks */,
				AB8595A71846782600DF5F84 /* CoreGraphics.framework in Frameworks */,
				AB8595AB1846782600DF5F84 /* CoreData.framework in Frameworks */,
				AB8595A91846782600DF5F84 /* UIKit.framework in Frameworks */,
				AB8595A51846782600DF5F84 /* Foundation.framework in Frameworks */,
				34D62BEA77B8415A82F81120 /* libPods.a in Frameworks */,
			);
			runOnlyForDeploymentPostprocessing = 0;
		};
		AB8595BE1846782600DF5F84 /* Frameworks */ = {
			isa = PBXFrameworksBuildPhase;
			buildActionMask = 2147483647;
			files = (
				AB8595C31846782600DF5F84 /* XCTest.framework in Frameworks */,
				AB8595C61846782600DF5F84 /* CoreData.framework in Frameworks */,
				AB8595C51846782600DF5F84 /* UIKit.framework in Frameworks */,
				AB8595C41846782600DF5F84 /* Foundation.framework in Frameworks */,
			);
			runOnlyForDeploymentPostprocessing = 0;
		};
/* End PBXFrameworksBuildPhase section */

/* Begin PBXGroup section */
		21F99220D645359177431A97 /* Pods */ = {
			isa = PBXGroup;
			children = (
				AA17D086B649FB85278F9890 /* Pods.debug.xcconfig */,
				62695BB2CC1D4B98FF41DD98 /* Pods.release.xcconfig */,
			);
			name = Pods;
			sourceTree = "<group>";
		};
		AB4BF5D318595AEE0012017E /* Categories */ = {
			isa = PBXGroup;
			children = (
				AB23281218A0528400C581C1 /* NSURL+SCUtilities.h */,
				AB23281318A0528400C581C1 /* NSURL+SCUtilities.m */,
			);
			name = Categories;
			sourceTree = "<group>";
		};
		AB8595981846782600DF5F84 = {
			isa = PBXGroup;
			children = (
				AB8595AC1846782600DF5F84 /* Sensors */,
				AB8595C91846782600DF5F84 /* SensorsTests */,
				AB8595A31846782600DF5F84 /* Frameworks */,
				AB8595A21846782600DF5F84 /* Products */,
				21F99220D645359177431A97 /* Pods */,
			);
			sourceTree = "<group>";
		};
		AB8595A21846782600DF5F84 /* Products */ = {
			isa = PBXGroup;
			children = (
				AB8595A11846782600DF5F84 /* GB SciCam.app */,
				AB8595C11846782600DF5F84 /* GB SciCamTests.xctest */,
			);
			name = Products;
			sourceTree = "<group>";
		};
		AB8595A31846782600DF5F84 /* Frameworks */ = {
			isa = PBXGroup;
			children = (
				AB4BF5C81858F96B0012017E /* QuartzCore.framework */,
				AB8595A41846782600DF5F84 /* Foundation.framework */,
				AB8595A61846782600DF5F84 /* CoreGraphics.framework */,
				AB8595A81846782600DF5F84 /* UIKit.framework */,
				AB8595AA1846782600DF5F84 /* CoreData.framework */,
				AB8595C21846782600DF5F84 /* XCTest.framework */,
				B62DC570C97F456BAD5832D8 /* libPods.a */,
			);
			name = Frameworks;
			sourceTree = "<group>";
		};
		AB8595AC1846782600DF5F84 /* Sensors */ = {
			isa = PBXGroup;
			children = (
				AB9E030118BE747800D5B3F3 /* AppledocSettings.plist */,
				AB4BF5D318595AEE0012017E /* Categories */,
				AB8595DB1846787500DF5F84 /* Controller */,
				AB8595DA1846786F00DF5F84 /* View */,
				AB8595D91846786900DF5F84 /* Model */,
				AB8595BB1846782600DF5F84 /* Images.xcassets */,
				AB8595AD1846782600DF5F84 /* Supporting Files */,
			);
			path = Sensors;
			sourceTree = "<group>";
		};
		AB8595AD1846782600DF5F84 /* Supporting Files */ = {
			isa = PBXGroup;
			children = (
				AB8595AE1846782600DF5F84 /* GB SciCam-Info.plist */,
				AB8595AF1846782600DF5F84 /* InfoPlist.strings */,
				AB8595B21846782600DF5F84 /* main.m */,
				AB8595B41846782600DF5F84 /* GB SciCam-Prefix.pch */,
			);
			name = "Supporting Files";
			sourceTree = "<group>";
		};
		AB8595C91846782600DF5F84 /* SensorsTests */ = {
			isa = PBXGroup;
			children = (
				AB8595CF1846782600DF5F84 /* SensorsTests.m */,
				AB8595CA1846782600DF5F84 /* Supporting Files */,
			);
			path = SensorsTests;
			sourceTree = "<group>";
		};
		AB8595CA1846782600DF5F84 /* Supporting Files */ = {
			isa = PBXGroup;
			children = (
				AB8595CB1846782600DF5F84 /* GB SciCamTests-Info.plist */,
				AB8595CC1846782600DF5F84 /* InfoPlist.strings */,
			);
			name = "Supporting Files";
			sourceTree = "<group>";
		};
		AB8595D91846786900DF5F84 /* Model */ = {
			isa = PBXGroup;
			children = (
				47C0EE5B1C4C1E8B00CF4656 /* Project+CoreDataProperties.h */,
				47C0EE5C1C4C1E8B00CF4656 /* Project+CoreDataProperties.m */,
				47C0EE5D1C4C1E8B00CF4656 /* Project.h */,
				47C0EE5E1C4C1E8B00CF4656 /* Project.m */,
				47C0EE671C4C367700CF4656 /* Site+CoreDataProperties.h */,
				47C0EE681C4C367700CF4656 /* Site+CoreDataProperties.m */,
				47C0EE691C4C367700CF4656 /* Site.h */,
				47C0EE6A1C4C367700CF4656 /* Site.m */,
				AB23281518A2C84B00C581C1 /* NSManagedObject+SCEntityFetchOrInsert.h */,
				AB23281618A2C84B00C581C1 /* NSManagedObject+SCEntityFetchOrInsert.m */,
				AB4BF5D01858FFC80012017E /* ImageToDataTransformer.h */,
				AB4BF5D11858FFC80012017E /* ImageToDataTransformer.m */,
				AB9E030318BE833F00D5B3F3 /* Image.h */,
				AB9E030418BE833F00D5B3F3 /* Image.m */,
				AB8595B81846782600DF5F84 /* Sensors.xcdatamodeld */,
				47C0EE561C4C1E1900CF4656 /* GB SciCam-Bridging-Header.h */,
			);
			name = Model;
			sourceTree = "<group>";
		};
		AB8595DA1846786F00DF5F84 /* View */ = {
			isa = PBXGroup;
			children = (
				AB8595DC184678FB00DF5F84 /* Sensors-iPhone.storyboard */,
				AB8595DE1846790E00DF5F84 /* Sensors-iPad.storyboard */,
				ABC8DE3418A962200052DA04 /* ImagePreviewCell.h */,
				ABC8DE3518A962200052DA04 /* ImagePreviewCell.m */,
				AB859630184D1C3000DF5F84 /* SitePreviewCell.h */,
				AB859631184D1C3000DF5F84 /* SitePreviewCell.m */,
				AB4F7B0818FF538800E1D9E3 /* ImageScrollView.h */,
				AB4F7B0918FF538800E1D9E3 /* ImageScrollView.m */,
			);
			name = View;
			sourceTree = "<group>";
		};
		AB8595DB1846787500DF5F84 /* Controller */ = {
			isa = PBXGroup;
			children = (
				AB8595B51846782600DF5F84 /* AppDelegate.h */,
				AB8595B61846782600DF5F84 /* AppDelegate.m */,
				AB85962D184D08E100DF5F84 /* CameraListViewController.h */,
				AB85962E184D08E100DF5F84 /* CameraListViewController.m */,
				AB496274187202DB00BA966F /* SiteDetailViewController.h */,
				AB496275187202DB00BA966F /* SiteDetailViewController.m */,
				AB4962771874A34B00BA966F /* CollectionHeaderView.h */,
				AB4962781874A34B00BA966F /* CollectionHeaderView.m */,
				AB4F7B0E18FF545D00E1D9E3 /* PhotoViewController.h */,
				AB4F7B0F18FF545D00E1D9E3 /* PhotoViewController.m */,
			);
			name = Controller;
			sourceTree = "<group>";
		};
/* End PBXGroup section */

/* Begin PBXNativeTarget section */
		AB8595A01846782600DF5F84 /* GB SciCam */ = {
			isa = PBXNativeTarget;
			buildConfigurationList = AB8595D31846782600DF5F84 /* Build configuration list for PBXNativeTarget "GB SciCam" */;
			buildPhases = (
				4A72EA2A664547688ADFB335 /* Check Pods Manifest.lock */,
				AB85959D1846782600DF5F84 /* Sources */,
				AB85959E1846782600DF5F84 /* Frameworks */,
				AB85959F1846782600DF5F84 /* Resources */,
				FA56FCABA2504B759AD26F4E /* Copy Pods Resources */,
			);
			buildRules = (
			);
			dependencies = (
			);
			name = "GB SciCam";
			productName = Sensors;
			productReference = AB8595A11846782600DF5F84 /* GB SciCam.app */;
			productType = "com.apple.product-type.application";
		};
		AB8595C01846782600DF5F84 /* GB SciCamTests */ = {
			isa = PBXNativeTarget;
			buildConfigurationList = AB8595D61846782600DF5F84 /* Build configuration list for PBXNativeTarget "GB SciCamTests" */;
			buildPhases = (
				AB8595BD1846782600DF5F84 /* Sources */,
				AB8595BE1846782600DF5F84 /* Frameworks */,
				AB8595BF1846782600DF5F84 /* Resources */,
			);
			buildRules = (
			);
			dependencies = (
				AB8595C81846782600DF5F84 /* PBXTargetDependency */,
			);
			name = "GB SciCamTests";
			productName = SensorsTests;
			productReference = AB8595C11846782600DF5F84 /* GB SciCamTests.xctest */;
			productType = "com.apple.product-type.bundle.unit-test";
		};
/* End PBXNativeTarget section */

/* Begin PBXProject section */
		AB8595991846782600DF5F84 /* Project object */ = {
			isa = PBXProject;
			attributes = {
				LastSwiftUpdateCheck = 0720;
				LastUpgradeCheck = 0710;
				ORGANIZATIONNAME = "Treeness, LLC";
				TargetAttributes = {
					AB8595A01846782600DF5F84 = {
						DevelopmentTeam = KC289229J8;
					};
					AB8595C01846782600DF5F84 = {
						TestTargetID = AB8595A01846782600DF5F84;
					};
				};
			};
			buildConfigurationList = AB85959C1846782600DF5F84 /* Build configuration list for PBXProject "GB SciCam" */;
			compatibilityVersion = "Xcode 3.2";
			developmentRegion = English;
			hasScannedForEncodings = 0;
			knownRegions = (
				en,
			);
			mainGroup = AB8595981846782600DF5F84;
			productRefGroup = AB8595A21846782600DF5F84 /* Products */;
			projectDirPath = "";
			projectRoot = "";
			targets = (
				AB8595A01846782600DF5F84 /* GB SciCam */,
				AB8595C01846782600DF5F84 /* GB SciCamTests */,
			);
		};
/* End PBXProject section */

/* Begin PBXResourcesBuildPhase section */
		AB85959F1846782600DF5F84 /* Resources */ = {
			isa = PBXResourcesBuildPhase;
			buildActionMask = 2147483647;
			files = (
				AB8595B11846782600DF5F84 /* InfoPlist.strings in Resources */,
				AB8595BC1846782600DF5F84 /* Images.xcassets in Resources */,
				AB8595DF1846790E00DF5F84 /* Sensors-iPad.storyboard in Resources */,
				AB8595DD184678FB00DF5F84 /* Sensors-iPhone.storyboard in Resources */,
				AB9E030218BE747800D5B3F3 /* AppledocSettings.plist in Resources */,
			);
			runOnlyForDeploymentPostprocessing = 0;
		};
		AB8595BF1846782600DF5F84 /* Resources */ = {
			isa = PBXResourcesBuildPhase;
			buildActionMask = 2147483647;
			files = (
				AB8595CE1846782600DF5F84 /* InfoPlist.strings in Resources */,
			);
			runOnlyForDeploymentPostprocessing = 0;
		};
/* End PBXResourcesBuildPhase section */

/* Begin PBXShellScriptBuildPhase section */
		4A72EA2A664547688ADFB335 /* Check Pods Manifest.lock */ = {
			isa = PBXShellScriptBuildPhase;
			buildActionMask = 2147483647;
			files = (
			);
			inputPaths = (
			);
			name = "Check Pods Manifest.lock";
			outputPaths = (
			);
			runOnlyForDeploymentPostprocessing = 0;
			shellPath = /bin/sh;
			shellScript = "diff \"${PODS_ROOT}/../Podfile.lock\" \"${PODS_ROOT}/Manifest.lock\" > /dev/null\nif [[ $? != 0 ]] ; then\n    cat << EOM\nerror: The sandbox is not in sync with the Podfile.lock. Run 'pod install' or update your CocoaPods installation.\nEOM\n    exit 1\nfi\n";
			showEnvVarsInLog = 0;
		};
		FA56FCABA2504B759AD26F4E /* Copy Pods Resources */ = {
			isa = PBXShellScriptBuildPhase;
			buildActionMask = 2147483647;
			files = (
			);
			inputPaths = (
			);
			name = "Copy Pods Resources";
			outputPaths = (
			);
			runOnlyForDeploymentPostprocessing = 0;
			shellPath = /bin/sh;
			shellScript = "\"${SRCROOT}/Pods/Target Support Files/Pods/Pods-resources.sh\"\n";
			showEnvVarsInLog = 0;
		};
/* End PBXShellScriptBuildPhase section */

/* Begin PBXSourcesBuildPhase section */
		AB85959D1846782600DF5F84 /* Sources */ = {
			isa = PBXSourcesBuildPhase;
			buildActionMask = 2147483647;
			files = (
				AB8595BA1846782600DF5F84 /* Sensors.xcdatamodeld in Sources */,
				ABC8DE3618A962200052DA04 /* ImagePreviewCell.m in Sources */,
				AB859632184D1C3000DF5F84 /* SitePreviewCell.m in Sources */,
				47C0EE601C4C1E8B00CF4656 /* Project.m in Sources */,
				AB85962F184D08E100DF5F84 /* CameraListViewController.m in Sources */,
				AB8595B71846782600DF5F84 /* AppDelegate.m in Sources */,
				AB496276187202DB00BA966F /* SiteDetailViewController.m in Sources */,
				AB4BF5D21858FFC80012017E /* ImageToDataTransformer.m in Sources */,
				47C0EE6C1C4C367700CF4656 /* Site.m in Sources */,
				AB8595B31846782600DF5F84 /* main.m in Sources */,
				AB4F7B1018FF545D00E1D9E3 /* PhotoViewController.m in Sources */,
				AB4F7B0A18FF538800E1D9E3 /* ImageScrollView.m in Sources */,
				AB23281718A2C84B00C581C1 /* NSManagedObject+SCEntityFetchOrInsert.m in Sources */,
				AB9E030518BE833F00D5B3F3 /* Image.m in Sources */,
				47C0EE5F1C4C1E8B00CF4656 /* Project+CoreDataProperties.m in Sources */,
				AB4962791874A34B00BA966F /* CollectionHeaderView.m in Sources */,
				AB23281418A0528400C581C1 /* NSURL+SCUtilities.m in Sources */,
				47C0EE6B1C4C367700CF4656 /* Site+CoreDataProperties.m in Sources */,
			);
			runOnlyForDeploymentPostprocessing = 0;
		};
		AB8595BD1846782600DF5F84 /* Sources */ = {
			isa = PBXSourcesBuildPhase;
			buildActionMask = 2147483647;
			files = (
				AB8595D01846782600DF5F84 /* SensorsTests.m in Sources */,
			);
			runOnlyForDeploymentPostprocessing = 0;
		};
/* End PBXSourcesBuildPhase section */

/* Begin PBXTargetDependency section */
		AB8595C81846782600DF5F84 /* PBXTargetDependency */ = {
			isa = PBXTargetDependency;
			target = AB8595A01846782600DF5F84 /* GB SciCam */;
			targetProxy = AB8595C71846782600DF5F84 /* PBXContainerItemProxy */;
		};
/* End PBXTargetDependency section */

/* Begin PBXVariantGroup section */
		AB8595AF1846782600DF5F84 /* InfoPlist.strings */ = {
			isa = PBXVariantGroup;
			children = (
				AB8595B01846782600DF5F84 /* en */,
			);
			name = InfoPlist.strings;
			sourceTree = "<group>";
		};
		AB8595CC1846782600DF5F84 /* InfoPlist.strings */ = {
			isa = PBXVariantGroup;
			children = (
				AB8595CD1846782600DF5F84 /* en */,
			);
			name = InfoPlist.strings;
			sourceTree = "<group>";
		};
/* End PBXVariantGroup section */

/* Begin XCBuildConfiguration section */
		AB8595D11846782600DF5F84 /* Debug */ = {
			isa = XCBuildConfiguration;
			buildSettings = {
				ALWAYS_SEARCH_USER_PATHS = NO;
				CLANG_CXX_LANGUAGE_STANDARD = "gnu++0x";
				CLANG_CXX_LIBRARY = "libc++";
				CLANG_ENABLE_MODULES = YES;
				CLANG_ENABLE_OBJC_ARC = YES;
				CLANG_WARN_BOOL_CONVERSION = YES;
				CLANG_WARN_CONSTANT_CONVERSION = YES;
				CLANG_WARN_DIRECT_OBJC_ISA_USAGE = YES_ERROR;
				CLANG_WARN_EMPTY_BODY = YES;
				CLANG_WARN_ENUM_CONVERSION = YES;
				CLANG_WARN_INT_CONVERSION = YES;
				CLANG_WARN_OBJC_ROOT_CLASS = YES_ERROR;
				CLANG_WARN__DUPLICATE_METHOD_MATCH = YES;
				"CODE_SIGN_IDENTITY[sdk=iphoneos*]" = "iPhone Developer";
				COPY_PHASE_STRIP = NO;
				ENABLE_TESTABILITY = YES;
				GCC_C_LANGUAGE_STANDARD = gnu99;
				GCC_DYNAMIC_NO_PIC = NO;
				GCC_OPTIMIZATION_LEVEL = 0;
				GCC_PREPROCESSOR_DEFINITIONS = (
					"DEBUG=1",
					"$(inherited)",
				);
				GCC_SYMBOLS_PRIVATE_EXTERN = NO;
				GCC_WARN_64_TO_32_BIT_CONVERSION = YES;
				GCC_WARN_ABOUT_RETURN_TYPE = YES_ERROR;
				GCC_WARN_UNDECLARED_SELECTOR = YES;
				GCC_WARN_UNINITIALIZED_AUTOS = YES;
				GCC_WARN_UNUSED_FUNCTION = YES;
				GCC_WARN_UNUSED_VARIABLE = YES;
				IPHONEOS_DEPLOYMENT_TARGET = 9.1;
				ONLY_ACTIVE_ARCH = YES;
				SDKROOT = iphoneos;
				TARGETED_DEVICE_FAMILY = "1,2";
			};
			name = Debug;
		};
		AB8595D21846782600DF5F84 /* Release */ = {
			isa = XCBuildConfiguration;
			buildSettings = {
				ALWAYS_SEARCH_USER_PATHS = NO;
				CLANG_CXX_LANGUAGE_STANDARD = "gnu++0x";
				CLANG_CXX_LIBRARY = "libc++";
				CLANG_ENABLE_MODULES = YES;
				CLANG_ENABLE_OBJC_ARC = YES;
				CLANG_WARN_BOOL_CONVERSION = YES;
				CLANG_WARN_CONSTANT_CONVERSION = YES;
				CLANG_WARN_DIRECT_OBJC_ISA_USAGE = YES_ERROR;
				CLANG_WARN_EMPTY_BODY = YES;
				CLANG_WARN_ENUM_CONVERSION = YES;
				CLANG_WARN_INT_CONVERSION = YES;
				CLANG_WARN_OBJC_ROOT_CLASS = YES_ERROR;
				CLANG_WARN__DUPLICATE_METHOD_MATCH = YES;
				"CODE_SIGN_IDENTITY[sdk=iphoneos*]" = "iPhone Developer";
				COPY_PHASE_STRIP = YES;
				ENABLE_NS_ASSERTIONS = NO;
				GCC_C_LANGUAGE_STANDARD = gnu99;
				GCC_WARN_64_TO_32_BIT_CONVERSION = YES;
				GCC_WARN_ABOUT_RETURN_TYPE = YES_ERROR;
				GCC_WARN_UNDECLARED_SELECTOR = YES;
				GCC_WARN_UNINITIALIZED_AUTOS = YES;
				GCC_WARN_UNUSED_FUNCTION = YES;
				GCC_WARN_UNUSED_VARIABLE = YES;
				IPHONEOS_DEPLOYMENT_TARGET = 9.1;
				SDKROOT = iphoneos;
				TARGETED_DEVICE_FAMILY = "1,2";
				VALIDATE_PRODUCT = YES;
			};
			name = Release;
		};
		AB8595D41846782600DF5F84 /* Debug */ = {
			isa = XCBuildConfiguration;
			baseConfigurationReference = AA17D086B649FB85278F9890 /* Pods.debug.xcconfig */;
			buildSettings = {
				ASSETCATALOG_COMPILER_APPICON_NAME = AppIcon;
				ASSETCATALOG_COMPILER_LAUNCHIMAGE_NAME = LaunchImage;
				CLANG_ENABLE_MODULES = YES;
				CODE_SIGN_IDENTITY = "iPhone Developer";
				GCC_PRECOMPILE_PREFIX_HEADER = YES;
				GCC_PREFIX_HEADER = "Sensors/GB SciCam-Prefix.pch";
				INFOPLIST_FILE = "Sensors/GB SciCam-Info.plist";
				IPHONEOS_DEPLOYMENT_TARGET = 9.1;
				LD_RUNPATH_SEARCH_PATHS = "$(inherited) @executable_path/Frameworks";
				PRODUCT_BUNDLE_IDENTIFIER = "edu.unr.cse.${PRODUCT_NAME:rfc1034identifier}";
				PRODUCT_NAME = "GB SciCam";
				SWIFT_OBJC_BRIDGING_HEADER = "Sensors/GB SciCam-Bridging-Header.h";
				SWIFT_OPTIMIZATION_LEVEL = "-Onone";
				WRAPPER_EXTENSION = app;
			};
			name = Debug;
		};
		AB8595D51846782600DF5F84 /* Release */ = {
			isa = XCBuildConfiguration;
			baseConfigurationReference = 62695BB2CC1D4B98FF41DD98 /* Pods.release.xcconfig */;
			buildSettings = {
				ASSETCATALOG_COMPILER_APPICON_NAME = AppIcon;
				ASSETCATALOG_COMPILER_LAUNCHIMAGE_NAME = LaunchImage;
				CLANG_ENABLE_MODULES = YES;
				CODE_SIGN_IDENTITY = "iPhone Developer";
				GCC_PRECOMPILE_PREFIX_HEADER = YES;
				GCC_PREFIX_HEADER = "Sensors/GB SciCam-Prefix.pch";
				INFOPLIST_FILE = "Sensors/GB SciCam-Info.plist";
				IPHONEOS_DEPLOYMENT_TARGET = 9.1;
				LD_RUNPATH_SEARCH_PATHS = "$(inherited) @executable_path/Frameworks";
				PRODUCT_BUNDLE_IDENTIFIER = "edu.unr.cse.${PRODUCT_NAME:rfc1034identifier}";
				PRODUCT_NAME = "GB SciCam";
				SWIFT_OBJC_BRIDGING_HEADER = "Sensors/GB SciCam-Bridging-Header.h";
				WRAPPER_EXTENSION = app;
			};
			name = Release;
		};
		AB8595D71846782600DF5F84 /* Debug */ = {
			isa = XCBuildConfiguration;
			buildSettings = {
				BUNDLE_LOADER = "$(BUILT_PRODUCTS_DIR)/Sensors.app/Sensors";
				FRAMEWORK_SEARCH_PATHS = (
					"$(SDKROOT)/Developer/Library/Frameworks",
					"$(inherited)",
					"$(DEVELOPER_FRAMEWORKS_DIR)",
				);
				GCC_PRECOMPILE_PREFIX_HEADER = YES;
				GCC_PREFIX_HEADER = "Sensors/Sensors-Prefix.pch";
				GCC_PREPROCESSOR_DEFINITIONS = (
					"DEBUG=1",
					"$(inherited)",
				);
				INFOPLIST_FILE = "SensorsTests/GB SciCamTests-Info.plist";
				PRODUCT_BUNDLE_IDENTIFIER = "edu.unr.cse.${PRODUCT_NAME:rfc1034identifier}";
				PRODUCT_NAME = "GB SciCamTests";
				TEST_HOST = "$(BUNDLE_LOADER)";
				WRAPPER_EXTENSION = xctest;
			};
			name = Debug;
		};
		AB8595D81846782600DF5F84 /* Release */ = {
			isa = XCBuildConfiguration;
			buildSettings = {
				BUNDLE_LOADER = "$(BUILT_PRODUCTS_DIR)/Sensors.app/Sensors";
				FRAMEWORK_SEARCH_PATHS = (
					"$(SDKROOT)/Developer/Library/Frameworks",
					"$(inherited)",
					"$(DEVELOPER_FRAMEWORKS_DIR)",
				);
				GCC_PRECOMPILE_PREFIX_HEADER = YES;
				GCC_PREFIX_HEADER = "Sensors/Sensors-Prefix.pch";
				INFOPLIST_FILE = "SensorsTests/GB SciCamTests-Info.plist";
				PRODUCT_BUNDLE_IDENTIFIER = "edu.unr.cse.${PRODUCT_NAME:rfc1034identifier}";
				PRODUCT_NAME = "GB SciCamTests";
				TEST_HOST = "$(BUNDLE_LOADER)";
				WRAPPER_EXTENSION = xctest;
			};
			name = Release;
		};
/* End XCBuildConfiguration section */

/* Begin XCConfigurationList section */
		AB85959C1846782600DF5F84 /* Build configuration list for PBXProject "GB SciCam" */ = {
			isa = XCConfigurationList;
			buildConfigurations = (
				AB8595D11846782600DF5F84 /* Debug */,
				AB8595D21846782600DF5F84 /* Release */,
			);
			defaultConfigurationIsVisible = 0;
			defaultConfigurationName = Release;
		};
		AB8595D31846782600DF5F84 /* Build configuration list for PBXNativeTarget "GB SciCam" */ = {
			isa = XCConfigurationList;
			buildConfigurations = (
				AB8595D41846782600DF5F84 /* Debug */,
				AB8595D51846782600DF5F84 /* Release */,
			);
			defaultConfigurationIsVisible = 0;
			defaultConfigurationName = Release;
		};
		AB8595D61846782600DF5F84 /* Build configuration list for PBXNativeTarget "GB SciCamTests" */ = {
			isa = XCConfigurationList;
			buildConfigurations = (
				AB8595D71846782600DF5F84 /* Debug */,
				AB8595D81846782600DF5F84 /* Release */,
			);
			defaultConfigurationIsVisible = 0;
			defaultConfigurationName = Release;
		};
/* End XCConfigurationList section */

/* Begin XCVersionGroup section */
		AB8595B81846782600DF5F84 /* Sensors.xcdatamodeld */ = {
			isa = XCVersionGroup;
			children = (
				47C0EE551C4C1DA700CF4656 /* Sensors 3.xcdatamodel */,
				ABEAF9781896F1E400532B5E /* Sensors 2.xcdatamodel */,
				AB8595B91846782600DF5F84 /* Sensors.xcdatamodel */,
			);
			currentVersion = 47C0EE551C4C1DA700CF4656 /* Sensors 3.xcdatamodel */;
			path = Sensors.xcdatamodeld;
			sourceTree = "<group>";
			versionGroupType = wrapper.xcdatamodel;
		};
/* End XCVersionGroup section */
	};
	rootObject = AB8595991846782600DF5F84 /* Project object */;
}
